PODS:
  - Alamofire (5.1.0)
  - SnapKit (5.0.1)
  - UIColor_Hex_Swift (5.1.0)

DEPENDENCIES:
  - Alamofire
  - SnapKit
  - UIColor_Hex_Swift

SPEC REPOS:
  trunk:
    - Alamofire
    - SnapKit
    - UIColor_Hex_Swift

SPEC CHECKSUMS:
  Alamofire: 9d5c5f602928e512395b30950c5984eca840093c
  SnapKit: 97b92857e3df3a0c71833cce143274bf6ef8e5eb
  UIColor_Hex_Swift: 8be7432edacb7fa91c78aa05ef3c30b66e4f9415

PODFILE CHECKSUM: a20bfa2b95fdee4e1151aefe3657ebc86fdb56c0

COCOAPODS: 1.9.1
